
Microsoft Visual Studio Solution File, Format Version 11.00
# Visual Studio 2010
Project("{FAE04EC0-301F-11D3-BF4B-00C04F79EFBC}") = "ZB_MVC", "ZB_MVC\ZB_MVC.csproj", "{DA98EAFA-CA96-40C1-8F18-AB742641493D}"
EndProject
Global
	GlobalSection(SolutionConfigurationPlatforms) = preSolution
		Debug|Any CPU = Debug|Any CPU
		Release|Any CPU = Release|Any CPU
	EndGlobalSection
	GlobalSection(ProjectConfigurationPlatforms) = postSolution
		{DA98EAFA-CA96-40C1-8F18-AB742641493D}.Debug|Any CPU.ActiveCfg = Debug|Any CPU
		{DA98EAFA-CA96-40C1-8F18-AB742641493D}.Debug|Any CPU.Build.0 = Debug|Any CPU
		{DA98EAFA-CA96-40C1-8F18-AB742641493D}.Release|Any CPU.ActiveCfg = Release|Any CPU
		{DA98EAFA-CA96-40C1-8F18-AB742641493D}.Release|Any CPU.Build.0 = Release|Any CPU
	EndGlobalSection
	GlobalSection(SolutionProperties) = preSolution
		HideSolutionNode = FALSE
	EndGlobalSection
EndGlobal
